
Microsoft Visual Studio Solution File, Format Version 12.00
# Visual Studio Version 16
VisualStudioVersion = 16.0.29424.173
MinimumVisualStudioVersion = 10.0.40219.1
Project("{FAE04EC0-301F-11D3-BF4B-00C04F79EFBC}") = "RestApiCRUD", "RestApiCRUD\RestApiCRUD.csproj", "{A863CEAE-72AC-45DE-BE8F-0DEA81D29921}"
EndProject
Global
	GlobalSection(SolutionConfigurationPlatforms) = preSolution
		Debug|Any CPU = Debug|Any CPU
		Release|Any CPU = Release|Any CPU
	EndGlobalSection
	GlobalSection(ProjectConfigurationPlatforms) = postSolution
		{A863CEAE-72AC-45DE-BE8F-0DEA81D29921}.Debug|Any CPU.ActiveCfg = Debug|Any CPU
		{A863CEAE-72AC-45DE-BE8F-0DEA81D29921}.Debug|Any CPU.Build.0 = Debug|Any CPU
		{A863CEAE-72AC-45DE-BE8F-0DEA81D29921}.Release|Any CPU.ActiveCfg = Release|Any CPU
		{A863CEAE-72AC-45DE-BE8F-0DEA81D29921}.Release|Any CPU.Build.0 = Release|Any CPU
	EndGlobalSection
	GlobalSection(SolutionProperties) = preSolution
		HideSolutionNode = FALSE
	EndGlobalSection
	GlobalSection(ExtensibilityGlobals) = postSolution
		SolutionGuid = {86E20D8A-F07C-4E08-8A5B-77A64BB8A202}
	EndGlobalSection
EndGlobal
